// !$*UTF8*$!
{
	archiveVersion = 1;
	classes = {
	};
	objectVersion = 46;
	objects = {

/* Begin PBXBuildFile section */
		18725305BE7ABFFE136D1229 /* AsyncOperation.swift in Sources */ = {isa = PBXBuildFile; fileRef = 187257496756AD28113C08F8 /* AsyncOperation.swift */; };
		18725D3989566A83A0854121 /* AsyncOperation.swift in Sources */ = {isa = PBXBuildFile; fileRef = 187257496756AD28113C08F8 /* AsyncOperation.swift */; };
		2A1D4800B896A8160335E070 /* Pods.framework in Frameworks */ = {isa = PBXBuildFile; fileRef = 295537AAADEEB9877FA7FA18 /* Pods.framework */; settings = {ATTRIBUTES = (Weak, ); }; };
		64363C631BC98F230055EBC1 /* Observable.swift in Sources */ = {isa = PBXBuildFile; fileRef = 64363C621BC98F230055EBC1 /* Observable.swift */; settings = {ASSET_TAGS = (); }; };
		64363C641BC98F230055EBC1 /* Observable.swift in Sources */ = {isa = PBXBuildFile; fileRef = 64363C621BC98F230055EBC1 /* Observable.swift */; settings = {ASSET_TAGS = (); }; };
		64B2D3DC1BC9393500BCF111 /* Completable.swift in Sources */ = {isa = PBXBuildFile; fileRef = 64B2D3DB1BC9393500BCF111 /* Completable.swift */; settings = {ASSET_TAGS = (); }; };
		64B2D3DD1BC9393500BCF111 /* Completable.swift in Sources */ = {isa = PBXBuildFile; fileRef = 64B2D3DB1BC9393500BCF111 /* Completable.swift */; settings = {ASSET_TAGS = (); }; };
		64B2D3E01BC93A3600BCF111 /* MyAsyncOperation.swift in Sources */ = {isa = PBXBuildFile; fileRef = 64B2D3DF1BC93A3600BCF111 /* MyAsyncOperation.swift */; settings = {ASSET_TAGS = (); }; };
		64B2D3E11BC93A3600BCF111 /* MyAsyncOperation.swift in Sources */ = {isa = PBXBuildFile; fileRef = 64B2D3DF1BC93A3600BCF111 /* MyAsyncOperation.swift */; settings = {ASSET_TAGS = (); }; };
		64B2D3E31BC95D5000BCF111 /* ChainableOperation.swift in Sources */ = {isa = PBXBuildFile; fileRef = 64B2D3E21BC95D5000BCF111 /* ChainableOperation.swift */; settings = {ASSET_TAGS = (); }; };
		64B2D3E41BC95D5000BCF111 /* ChainableOperation.swift in Sources */ = {isa = PBXBuildFile; fileRef = 64B2D3E21BC95D5000BCF111 /* ChainableOperation.swift */; settings = {ASSET_TAGS = (); }; };
		64B2D3E61BC95E5500BCF111 /* CompoundOperationBase.swift in Sources */ = {isa = PBXBuildFile; fileRef = 64B2D3E51BC95E5500BCF111 /* CompoundOperationBase.swift */; settings = {ASSET_TAGS = (); }; };
		64B2D3E71BC95E5500BCF111 /* CompoundOperationBase.swift in Sources */ = {isa = PBXBuildFile; fileRef = 64B2D3E51BC95E5500BCF111 /* CompoundOperationBase.swift */; settings = {ASSET_TAGS = (); }; };
		64B2D3EA1BC965E000BCF111 /* ChainableOperationInput.swift in Sources */ = {isa = PBXBuildFile; fileRef = 64B2D3E91BC965E000BCF111 /* ChainableOperationInput.swift */; settings = {ASSET_TAGS = (); }; };
		64B2D3EB1BC965E000BCF111 /* ChainableOperationInput.swift in Sources */ = {isa = PBXBuildFile; fileRef = 64B2D3E91BC965E000BCF111 /* ChainableOperationInput.swift */; settings = {ASSET_TAGS = (); }; };
		64B2D3ED1BC9685300BCF111 /* ChainableOperationOutput.swift in Sources */ = {isa = PBXBuildFile; fileRef = 64B2D3EC1BC9685300BCF111 /* ChainableOperationOutput.swift */; settings = {ASSET_TAGS = (); }; };
		64B2D3EE1BC9685300BCF111 /* ChainableOperationOutput.swift in Sources */ = {isa = PBXBuildFile; fileRef = 64B2D3EC1BC9685300BCF111 /* ChainableOperationOutput.swift */; settings = {ASSET_TAGS = (); }; };
		64C2AF6A1BC92FF7008EFBD5 /* AppDelegate.swift in Sources */ = {isa = PBXBuildFile; fileRef = 64C2AF691BC92FF7008EFBD5 /* AppDelegate.swift */; };
		64C2AF6C1BC92FF7008EFBD5 /* ViewController.swift in Sources */ = {isa = PBXBuildFile; fileRef = 64C2AF6B1BC92FF7008EFBD5 /* ViewController.swift */; };
		64C2AF6F1BC92FF7008EFBD5 /* Main.storyboard in Resources */ = {isa = PBXBuildFile; fileRef = 64C2AF6D1BC92FF7008EFBD5 /* Main.storyboard */; };
		64C2AF711BC92FF7008EFBD5 /* Assets.xcassets in Resources */ = {isa = PBXBuildFile; fileRef = 64C2AF701BC92FF7008EFBD5 /* Assets.xcassets */; };
		64C2AF741BC92FF7008EFBD5 /* LaunchScreen.storyboard in Resources */ = {isa = PBXBuildFile; fileRef = 64C2AF721BC92FF7008EFBD5 /* LaunchScreen.storyboard */; };
		64C2AF7F1BC92FF7008EFBD5 /* SwiftyOperationsTests.swift in Sources */ = {isa = PBXBuildFile; fileRef = 64C2AF7E1BC92FF7008EFBD5 /* SwiftyOperationsTests.swift */; };
/* End PBXBuildFile section */

/* Begin PBXContainerItemProxy section */
		64C2AF7B1BC92FF7008EFBD5 /* PBXContainerItemProxy */ = {
			isa = PBXContainerItemProxy;
			containerPortal = 64C2AF5E1BC92FF7008EFBD5 /* Project object */;
			proxyType = 1;
			remoteGlobalIDString = 64C2AF651BC92FF7008EFBD5;
			remoteInfo = SwiftyOperations;
		};
/* End PBXContainerItemProxy section */

/* Begin PBXFileReference section */
		187257496756AD28113C08F8 /* AsyncOperation.swift */ = {isa = PBXFileReference; fileEncoding = 4; lastKnownFileType = sourcecode.swift; path = AsyncOperation.swift; sourceTree = "<group>"; };
		295537AAADEEB9877FA7FA18 /* Pods.framework */ = {isa = PBXFileReference; explicitFileType = wrapper.framework; includeInIndex = 0; path = Pods.framework; sourceTree = BUILT_PRODUCTS_DIR; };
		64363C621BC98F230055EBC1 /* Observable.swift */ = {isa = PBXFileReference; fileEncoding = 4; lastKnownFileType = sourcecode.swift; path = Observable.swift; sourceTree = "<group>"; };
		64B2D3DB1BC9393500BCF111 /* Completable.swift */ = {isa = PBXFileReference; fileEncoding = 4; lastKnownFileType = sourcecode.swift; path = Completable.swift; sourceTree = "<group>"; };
		64B2D3DF1BC93A3600BCF111 /* MyAsyncOperation.swift */ = {isa = PBXFileReference; fileEncoding = 4; lastKnownFileType = sourcecode.swift; path = MyAsyncOperation.swift; sourceTree = "<group>"; };
		64B2D3E21BC95D5000BCF111 /* ChainableOperation.swift */ = {isa = PBXFileReference; fileEncoding = 4; lastKnownFileType = sourcecode.swift; path = ChainableOperation.swift; sourceTree = "<group>"; };
		64B2D3E51BC95E5500BCF111 /* CompoundOperationBase.swift */ = {isa = PBXFileReference; fileEncoding = 4; lastKnownFileType = sourcecode.swift; path = CompoundOperationBase.swift; sourceTree = "<group>"; };
		64B2D3E91BC965E000BCF111 /* ChainableOperationInput.swift */ = {isa = PBXFileReference; fileEncoding = 4; lastKnownFileType = sourcecode.swift; path = ChainableOperationInput.swift; sourceTree = "<group>"; };
		64B2D3EC1BC9685300BCF111 /* ChainableOperationOutput.swift */ = {isa = PBXFileReference; fileEncoding = 4; lastKnownFileType = sourcecode.swift; path = ChainableOperationOutput.swift; sourceTree = "<group>"; };
		64C2AF661BC92FF7008EFBD5 /* SwiftyOperations.app */ = {isa = PBXFileReference; explicitFileType = wrapper.application; includeInIndex = 0; path = SwiftyOperations.app; sourceTree = BUILT_PRODUCTS_DIR; };
		64C2AF691BC92FF7008EFBD5 /* AppDelegate.swift */ = {isa = PBXFileReference; lastKnownFileType = sourcecode.swift; path = AppDelegate.swift; sourceTree = "<group>"; };
		64C2AF6B1BC92FF7008EFBD5 /* ViewController.swift */ = {isa = PBXFileReference; lastKnownFileType = sourcecode.swift; path = ViewController.swift; sourceTree = "<group>"; };
		64C2AF6E1BC92FF7008EFBD5 /* Base */ = {isa = PBXFileReference; lastKnownFileType = file.storyboard; name = Base; path = Base.lproj/Main.storyboard; sourceTree = "<group>"; };
		64C2AF701BC92FF7008EFBD5 /* Assets.xcassets */ = {isa = PBXFileReference; lastKnownFileType = folder.assetcatalog; path = Assets.xcassets; sourceTree = "<group>"; };
		64C2AF731BC92FF7008EFBD5 /* Base */ = {isa = PBXFileReference; lastKnownFileType = file.storyboard; name = Base; path = Base.lproj/LaunchScreen.storyboard; sourceTree = "<group>"; };
		64C2AF751BC92FF7008EFBD5 /* Info.plist */ = {isa = PBXFileReference; lastKnownFileType = text.plist.xml; path = Info.plist; sourceTree = "<group>"; };
		64C2AF7A1BC92FF7008EFBD5 /* SwiftyOperationsTests.xctest */ = {isa = PBXFileReference; explicitFileType = wrapper.cfbundle; includeInIndex = 0; path = SwiftyOperationsTests.xctest; sourceTree = BUILT_PRODUCTS_DIR; };
		64C2AF7E1BC92FF7008EFBD5 /* SwiftyOperationsTests.swift */ = {isa = PBXFileReference; lastKnownFileType = sourcecode.swift; path = SwiftyOperationsTests.swift; sourceTree = "<group>"; };
		64C2AF801BC92FF7008EFBD5 /* Info.plist */ = {isa = PBXFileReference; lastKnownFileType = text.plist.xml; path = Info.plist; sourceTree = "<group>"; };
		72852C61E3B12FFAFF892303 /* Pods.release.xcconfig */ = {isa = PBXFileReference; includeInIndex = 1; lastKnownFileType = text.xcconfig; name = Pods.release.xcconfig; path = "Pods/Target Support Files/Pods/Pods.release.xcconfig"; sourceTree = "<group>"; };
		7B223BD9C052A46B21C608FF /* Pods.debug.xcconfig */ = {isa = PBXFileReference; includeInIndex = 1; lastKnownFileType = text.xcconfig; name = Pods.debug.xcconfig; path = "Pods/Target Support Files/Pods/Pods.debug.xcconfig"; sourceTree = "<group>"; };
/* End PBXFileReference section */

/* Begin PBXFrameworksBuildPhase section */
		64C2AF631BC92FF7008EFBD5 /* Frameworks */ = {
			isa = PBXFrameworksBuildPhase;
			buildActionMask = 2147483647;
			files = (
				2A1D4800B896A8160335E070 /* Pods.framework in Frameworks */,
			);
			runOnlyForDeploymentPostprocessing = 0;
		};
		64C2AF771BC92FF7008EFBD5 /* Frameworks */ = {
			isa = PBXFrameworksBuildPhase;
			buildActionMask = 2147483647;
			files = (
			);
			runOnlyForDeploymentPostprocessing = 0;
		};
/* End PBXFrameworksBuildPhase section */

/* Begin PBXGroup section */
		07F7BA0BD919433B611D39BC /* Pods */ = {
			isa = PBXGroup;
			children = (
				7B223BD9C052A46B21C608FF /* Pods.debug.xcconfig */,
				72852C61E3B12FFAFF892303 /* Pods.release.xcconfig */,
			);
			name = Pods;
			sourceTree = "<group>";
		};
		18725AA9844606AEA705E448 /* Operations */ = {
			isa = PBXGroup;
			children = (
				64B2D3E81BC9655000BCF111 /* Protocols */,
				187257496756AD28113C08F8 /* AsyncOperation.swift */,
				64B2D3E51BC95E5500BCF111 /* CompoundOperationBase.swift */,
			);
			name = Operations;
			sourceTree = "<group>";
		};
		18725C2A99612F829CB02A5B /* Core */ = {
			isa = PBXGroup;
			children = (
				18725AA9844606AEA705E448 /* Operations */,
			);
			name = Core;
			sourceTree = "<group>";
		};
		47A006EBE970771D86B8AD2D /* Frameworks */ = {
			isa = PBXGroup;
			children = (
				295537AAADEEB9877FA7FA18 /* Pods.framework */,
			);
			name = Frameworks;
			sourceTree = "<group>";
		};
		64B2D3DE1BC93A1200BCF111 /* Service Layer */ = {
			isa = PBXGroup;
			children = (
				64B2D3DF1BC93A3600BCF111 /* MyAsyncOperation.swift */,
			);
			name = "Service Layer";
			sourceTree = "<group>";
		};
		64B2D3E81BC9655000BCF111 /* Protocols */ = {
			isa = PBXGroup;
			children = (
				64B2D3DB1BC9393500BCF111 /* Completable.swift */,
				64B2D3E21BC95D5000BCF111 /* ChainableOperation.swift */,
				64B2D3E91BC965E000BCF111 /* ChainableOperationInput.swift */,
				64B2D3EC1BC9685300BCF111 /* ChainableOperationOutput.swift */,
				64363C621BC98F230055EBC1 /* Observable.swift */,
			);
			name = Protocols;
			sourceTree = "<group>";
		};
		64C2AF5D1BC92FF7008EFBD5 = {
			isa = PBXGroup;
			children = (
				64C2AF681BC92FF7008EFBD5 /* SwiftyOperations */,
				64C2AF7D1BC92FF7008EFBD5 /* SwiftyOperationsTests */,
				64C2AF671BC92FF7008EFBD5 /* Products */,
				07F7BA0BD919433B611D39BC /* Pods */,
				47A006EBE970771D86B8AD2D /* Frameworks */,
			);
			sourceTree = "<group>";
		};
		64C2AF671BC92FF7008EFBD5 /* Products */ = {
			isa = PBXGroup;
			children = (
				64C2AF661BC92FF7008EFBD5 /* SwiftyOperations.app */,
				64C2AF7A1BC92FF7008EFBD5 /* SwiftyOperationsTests.xctest */,
			);
			name = Products;
			sourceTree = "<group>";
		};
		64C2AF681BC92FF7008EFBD5 /* SwiftyOperations */ = {
			isa = PBXGroup;
			children = (
				64B2D3DE1BC93A1200BCF111 /* Service Layer */,
				18725C2A99612F829CB02A5B /* Core */,
				64C2AF691BC92FF7008EFBD5 /* AppDelegate.swift */,
				64C2AF6B1BC92FF7008EFBD5 /* ViewController.swift */,
				64C2AF6D1BC92FF7008EFBD5 /* Main.storyboard */,
				64C2AF701BC92FF7008EFBD5 /* Assets.xcassets */,
				64C2AF721BC92FF7008EFBD5 /* LaunchScreen.storyboard */,
				64C2AF751BC92FF7008EFBD5 /* Info.plist */,
			);
			path = SwiftyOperations;
			sourceTree = "<group>";
		};
		64C2AF7D1BC92FF7008EFBD5 /* SwiftyOperationsTests */ = {
			isa = PBXGroup;
			children = (
				64C2AF7E1BC92FF7008EFBD5 /* SwiftyOperationsTests.swift */,
				64C2AF801BC92FF7008EFBD5 /* Info.plist */,
			);
			path = SwiftyOperationsTests;
			sourceTree = "<group>";
		};
/* End PBXGroup section */

/* Begin PBXNativeTarget section */
		64C2AF651BC92FF7008EFBD5 /* SwiftyOperations */ = {
			isa = PBXNativeTarget;
			buildConfigurationList = 64C2AF831BC92FF7008EFBD5 /* Build configuration list for PBXNativeTarget "SwiftyOperations" */;
			buildPhases = (
				DEDC0997EE864D037CE97C68 /* Check Pods Manifest.lock */,
				64C2AF621BC92FF7008EFBD5 /* Sources */,
				64C2AF631BC92FF7008EFBD5 /* Frameworks */,
				64C2AF641BC92FF7008EFBD5 /* Resources */,
				EF6A6B91A801AE576976E008 /* Embed Pods Frameworks */,
				1FA91A0FB4A5776BE3CB353C /* Copy Pods Resources */,
			);
			buildRules = (
			);
			dependencies = (
			);
			name = SwiftyOperations;
			productName = SwiftyOperations;
			productReference = 64C2AF661BC92FF7008EFBD5 /* SwiftyOperations.app */;
			productType = "com.apple.product-type.application";
		};
		64C2AF791BC92FF7008EFBD5 /* SwiftyOperationsTests */ = {
			isa = PBXNativeTarget;
			buildConfigurationList = 64C2AF861BC92FF7008EFBD5 /* Build configuration list for PBXNativeTarget "SwiftyOperationsTests" */;
			buildPhases = (
				64C2AF761BC92FF7008EFBD5 /* Sources */,
				64C2AF771BC92FF7008EFBD5 /* Frameworks */,
				64C2AF781BC92FF7008EFBD5 /* Resources */,
			);
			buildRules = (
			);
			dependencies = (
				64C2AF7C1BC92FF7008EFBD5 /* PBXTargetDependency */,
			);
			name = SwiftyOperationsTests;
			productName = SwiftyOperationsTests;
			productReference = 64C2AF7A1BC92FF7008EFBD5 /* SwiftyOperationsTests.xctest */;
			productType = "com.apple.product-type.bundle.unit-test";
		};
/* End PBXNativeTarget section */

/* Begin PBXProject section */
		64C2AF5E1BC92FF7008EFBD5 /* Project object */ = {
			isa = PBXProject;
			attributes = {
				LastUpgradeCheck = 0700;
				ORGANIZATIONNAME = "Popov Valery";
				TargetAttributes = {
					64C2AF651BC92FF7008EFBD5 = {
						CreatedOnToolsVersion = 7.0.1;
					};
					64C2AF791BC92FF7008EFBD5 = {
						CreatedOnToolsVersion = 7.0.1;
						TestTargetID = 64C2AF651BC92FF7008EFBD5;
					};
				};
			};
			buildConfigurationList = 64C2AF611BC92FF7008EFBD5 /* Build configuration list for PBXProject "SwiftyOperations" */;
			compatibilityVersion = "Xcode 3.2";
			developmentRegion = English;
			hasScannedForEncodings = 0;
			knownRegions = (
				en,
				Base,
			);
			mainGroup = 64C2AF5D1BC92FF7008EFBD5;
			productRefGroup = 64C2AF671BC92FF7008EFBD5 /* Products */;
			projectDirPath = "";
			projectRoot = "";
			targets = (
				64C2AF651BC92FF7008EFBD5 /* SwiftyOperations */,
				64C2AF791BC92FF7008EFBD5 /* SwiftyOperationsTests */,
			);
		};
/* End PBXProject section */

/* Begin PBXResourcesBuildPhase section */
		64C2AF641BC92FF7008EFBD5 /* Resources */ = {
			isa = PBXResourcesBuildPhase;
			buildActionMask = 2147483647;
			files = (
				64C2AF741BC92FF7008EFBD5 /* LaunchScreen.storyboard in Resources */,
				64C2AF711BC92FF7008EFBD5 /* Assets.xcassets in Resources */,
				64C2AF6F1BC92FF7008EFBD5 /* Main.storyboard in Resources */,
			);
			runOnlyForDeploymentPostprocessing = 0;
		};
		64C2AF781BC92FF7008EFBD5 /* Resources */ = {
			isa = PBXResourcesBuildPhase;
			buildActionMask = 2147483647;
			files = (
			);
			runOnlyForDeploymentPostprocessing = 0;
		};
/* End PBXResourcesBuildPhase section */

/* Begin PBXShellScriptBuildPhase section */
		1FA91A0FB4A5776BE3CB353C /* Copy Pods Resources */ = {
			isa = PBXShellScriptBuildPhase;
			buildActionMask = 2147483647;
			files = (
			);
			inputPaths = (
			);
			name = "Copy Pods Resources";
			outputPaths = (
			);
			runOnlyForDeploymentPostprocessing = 0;
			shellPath = /bin/sh;
			shellScript = "\"${SRCROOT}/Pods/Target Support Files/Pods/Pods-resources.sh\"\n";
			showEnvVarsInLog = 0;
		};
		DEDC0997EE864D037CE97C68 /* Check Pods Manifest.lock */ = {
			isa = PBXShellScriptBuildPhase;
			buildActionMask = 2147483647;
			files = (
			);
			inputPaths = (
			);
			name = "Check Pods Manifest.lock";
			outputPaths = (
			);
			runOnlyForDeploymentPostprocessing = 0;
			shellPath = /bin/sh;
			shellScript = "diff \"${PODS_ROOT}/../Podfile.lock\" \"${PODS_ROOT}/Manifest.lock\" > /dev/null\nif [[ $? != 0 ]] ; then\n    cat << EOM\nerror: The sandbox is not in sync with the Podfile.lock. Run 'pod install' or update your CocoaPods installation.\nEOM\n    exit 1\nfi\n";
			showEnvVarsInLog = 0;
		};
		EF6A6B91A801AE576976E008 /* Embed Pods Frameworks */ = {
			isa = PBXShellScriptBuildPhase;
			buildActionMask = 2147483647;
			files = (
			);
			inputPaths = (
			);
			name = "Embed Pods Frameworks";
			outputPaths = (
			);
			runOnlyForDeploymentPostprocessing = 0;
			shellPath = /bin/sh;
			shellScript = "\"${SRCROOT}/Pods/Target Support Files/Pods/Pods-frameworks.sh\"\n";
			showEnvVarsInLog = 0;
		};
/* End PBXShellScriptBuildPhase section */

/* Begin PBXSourcesBuildPhase section */
		64C2AF621BC92FF7008EFBD5 /* Sources */ = {
			isa = PBXSourcesBuildPhase;
			buildActionMask = 2147483647;
			files = (
				64B2D3EA1BC965E000BCF111 /* ChainableOperationInput.swift in Sources */,
				64B2D3E01BC93A3600BCF111 /* MyAsyncOperation.swift in Sources */,
				64B2D3DC1BC9393500BCF111 /* Completable.swift in Sources */,
				64B2D3E61BC95E5500BCF111 /* CompoundOperationBase.swift in Sources */,
				64C2AF6C1BC92FF7008EFBD5 /* ViewController.swift in Sources */,
				64C2AF6A1BC92FF7008EFBD5 /* AppDelegate.swift in Sources */,
				64363C631BC98F230055EBC1 /* Observable.swift in Sources */,
				18725D3989566A83A0854121 /* AsyncOperation.swift in Sources */,
				64B2D3ED1BC9685300BCF111 /* ChainableOperationOutput.swift in Sources */,
				64B2D3E31BC95D5000BCF111 /* ChainableOperation.swift in Sources */,
			);
			runOnlyForDeploymentPostprocessing = 0;
		};
		64C2AF761BC92FF7008EFBD5 /* Sources */ = {
			isa = PBXSourcesBuildPhase;
			buildActionMask = 2147483647;
			files = (
				64B2D3DD1BC9393500BCF111 /* Completable.swift in Sources */,
				64C2AF7F1BC92FF7008EFBD5 /* SwiftyOperationsTests.swift in Sources */,
				64B2D3EE1BC9685300BCF111 /* ChainableOperationOutput.swift in Sources */,
				64B2D3E11BC93A3600BCF111 /* MyAsyncOperation.swift in Sources */,
				64363C641BC98F230055EBC1 /* Observable.swift in Sources */,
				64B2D3E71BC95E5500BCF111 /* CompoundOperationBase.swift in Sources */,
				64B2D3EB1BC965E000BCF111 /* ChainableOperationInput.swift in Sources */,
				64B2D3E41BC95D5000BCF111 /* ChainableOperation.swift in Sources */,
				18725305BE7ABFFE136D1229 /* AsyncOperation.swift in Sources */,
			);
			runOnlyForDeploymentPostprocessing = 0;
		};
/* End PBXSourcesBuildPhase section */

/* Begin PBXTargetDependency section */
		64C2AF7C1BC92FF7008EFBD5 /* PBXTargetDependency */ = {
			isa = PBXTargetDependency;
			target = 64C2AF651BC92FF7008EFBD5 /* SwiftyOperations */;
			targetProxy = 64C2AF7B1BC92FF7008EFBD5 /* PBXContainerItemProxy */;
		};
/* End PBXTargetDependency section */

/* Begin PBXVariantGroup section */
		64C2AF6D1BC92FF7008EFBD5 /* Main.storyboard */ = {
			isa = PBXVariantGroup;
			children = (
				64C2AF6E1BC92FF7008EFBD5 /* Base */,
			);
			name = Main.storyboard;
			sourceTree = "<group>";
		};
		64C2AF721BC92FF7008EFBD5 /* LaunchScreen.storyboard */ = {
			isa = PBXVariantGroup;
			children = (
				64C2AF731BC92FF7008EFBD5 /* Base */,
			);
			name = LaunchScreen.storyboard;
			sourceTree = "<group>";
		};
/* End PBXVariantGroup section */

/* Begin XCBuildConfiguration section */
		64C2AF811BC92FF7008EFBD5 /* Debug */ = {
			isa = XCBuildConfiguration;
			buildSettings = {
				ALWAYS_SEARCH_USER_PATHS = NO;
				CLANG_CXX_LANGUAGE_STANDARD = "gnu++0x";
				CLANG_CXX_LIBRARY = "libc++";
				CLANG_ENABLE_MODULES = YES;
				CLANG_ENABLE_OBJC_ARC = YES;
				CLANG_WARN_BOOL_CONVERSION = YES;
				CLANG_WARN_CONSTANT_CONVERSION = YES;
				CLANG_WARN_DIRECT_OBJC_ISA_USAGE = YES_ERROR;
				CLANG_WARN_EMPTY_BODY = YES;
				CLANG_WARN_ENUM_CONVERSION = YES;
				CLANG_WARN_INT_CONVERSION = YES;
				CLANG_WARN_OBJC_ROOT_CLASS = YES_ERROR;
				CLANG_WARN_UNREACHABLE_CODE = YES;
				CLANG_WARN__DUPLICATE_METHOD_MATCH = YES;
				"CODE_SIGN_IDENTITY[sdk=iphoneos*]" = "iPhone Developer";
				COPY_PHASE_STRIP = NO;
				DEBUG_INFORMATION_FORMAT = dwarf;
				ENABLE_STRICT_OBJC_MSGSEND = YES;
				ENABLE_TESTABILITY = YES;
				GCC_C_LANGUAGE_STANDARD = gnu99;
				GCC_DYNAMIC_NO_PIC = NO;
				GCC_NO_COMMON_BLOCKS = YES;
				GCC_OPTIMIZATION_LEVEL = 0;
				GCC_PREPROCESSOR_DEFINITIONS = (
					"DEBUG=1",
					"$(inherited)",
				);
				GCC_WARN_64_TO_32_BIT_CONVERSION = YES;
				GCC_WARN_ABOUT_RETURN_TYPE = YES_ERROR;
				GCC_WARN_UNDECLARED_SELECTOR = YES;
				GCC_WARN_UNINITIALIZED_AUTOS = YES_AGGRESSIVE;
				GCC_WARN_UNUSED_FUNCTION = YES;
				GCC_WARN_UNUSED_VARIABLE = YES;
				IPHONEOS_DEPLOYMENT_TARGET = 9.0;
				MTL_ENABLE_DEBUG_INFO = YES;
				ONLY_ACTIVE_ARCH = YES;
				SDKROOT = iphoneos;
				SWIFT_OPTIMIZATION_LEVEL = "-Onone";
			};
			name = Debug;
		};
		64C2AF821BC92FF7008EFBD5 /* Release */ = {
			isa = XCBuildConfiguration;
			buildSettings = {
				ALWAYS_SEARCH_USER_PATHS = NO;
				CLANG_CXX_LANGUAGE_STANDARD = "gnu++0x";
				CLANG_CXX_LIBRARY = "libc++";
				CLANG_ENABLE_MODULES = YES;
				CLANG_ENABLE_OBJC_ARC = YES;
				CLANG_WARN_BOOL_CONVERSION = YES;
				CLANG_WARN_CONSTANT_CONVERSION = YES;
				CLANG_WARN_DIRECT_OBJC_ISA_USAGE = YES_ERROR;
				CLANG_WARN_EMPTY_BODY = YES;
				CLANG_WARN_ENUM_CONVERSION = YES;
				CLANG_WARN_INT_CONVERSION = YES;
				CLANG_WARN_OBJC_ROOT_CLASS = YES_ERROR;
				CLANG_WARN_UNREACHABLE_CODE = YES;
				CLANG_WARN__DUPLICATE_METHOD_MATCH = YES;
				"CODE_SIGN_IDENTITY[sdk=iphoneos*]" = "iPhone Developer";
				COPY_PHASE_STRIP = NO;
				DEBUG_INFORMATION_FORMAT = "dwarf-with-dsym";
				ENABLE_NS_ASSERTIONS = NO;
				ENABLE_STRICT_OBJC_MSGSEND = YES;
				GCC_C_LANGUAGE_STANDARD = gnu99;
				GCC_NO_COMMON_BLOCKS = YES;
				GCC_WARN_64_TO_32_BIT_CONVERSION = YES;
				GCC_WARN_ABOUT_RETURN_TYPE = YES_ERROR;
				GCC_WARN_UNDECLARED_SELECTOR = YES;
				GCC_WARN_UNINITIALIZED_AUTOS = YES_AGGRESSIVE;
				GCC_WARN_UNUSED_FUNCTION = YES;
				GCC_WARN_UNUSED_VARIABLE = YES;
				IPHONEOS_DEPLOYMENT_TARGET = 9.0;
				MTL_ENABLE_DEBUG_INFO = NO;
				SDKROOT = iphoneos;
				VALIDATE_PRODUCT = YES;
			};
			name = Release;
		};
		64C2AF841BC92FF7008EFBD5 /* Debug */ = {
			isa = XCBuildConfiguration;
			baseConfigurationReference = 7B223BD9C052A46B21C608FF /* Pods.debug.xcconfig */;
			buildSettings = {
				ASSETCATALOG_COMPILER_APPICON_NAME = AppIcon;
				INFOPLIST_FILE = SwiftyOperations/Info.plist;
				LD_RUNPATH_SEARCH_PATHS = "$(inherited) @executable_path/Frameworks";
				PRODUCT_BUNDLE_IDENTIFIER = com.complexityclass.SwiftyOperations;
				PRODUCT_NAME = "$(TARGET_NAME)";
			};
			name = Debug;
		};
		64C2AF851BC92FF7008EFBD5 /* Release */ = {
			isa = XCBuildConfiguration;
			baseConfigurationReference = 72852C61E3B12FFAFF892303 /* Pods.release.xcconfig */;
			buildSettings = {
				ASSETCATALOG_COMPILER_APPICON_NAME = AppIcon;
				INFOPLIST_FILE = SwiftyOperations/Info.plist;
				LD_RUNPATH_SEARCH_PATHS = "$(inherited) @executable_path/Frameworks";
				PRODUCT_BUNDLE_IDENTIFIER = com.complexityclass.SwiftyOperations;
				PRODUCT_NAME = "$(TARGET_NAME)";
			};
			name = Release;
		};
		64C2AF871BC92FF7008EFBD5 /* Debug */ = {
			isa = XCBuildConfiguration;
			buildSettings = {
				BUNDLE_LOADER = "$(TEST_HOST)";
				INFOPLIST_FILE = SwiftyOperationsTests/Info.plist;
				LD_RUNPATH_SEARCH_PATHS = "$(inherited) @executable_path/Frameworks @loader_path/Frameworks";
				PRODUCT_BUNDLE_IDENTIFIER = com.complexityclass.SwiftyOperationsTests;
				PRODUCT_NAME = "$(TARGET_NAME)";
				TEST_HOST = "$(BUILT_PRODUCTS_DIR)/SwiftyOperations.app/SwiftyOperations";
			};
			name = Debug;
		};
		64C2AF881BC92FF7008EFBD5 /* Release */ = {
			isa = XCBuildConfiguration;
			buildSettings = {
				BUNDLE_LOADER = "$(TEST_HOST)";
				INFOPLIST_FILE = SwiftyOperationsTests/Info.plist;
				LD_RUNPATH_SEARCH_PATHS = "$(inherited) @executable_path/Frameworks @loader_path/Frameworks";
				PRODUCT_BUNDLE_IDENTIFIER = com.complexityclass.SwiftyOperationsTests;
				PRODUCT_NAME = "$(TARGET_NAME)";
				TEST_HOST = "$(BUILT_PRODUCTS_DIR)/SwiftyOperations.app/SwiftyOperations";
			};
			name = Release;
		};
/* End XCBuildConfiguration section */

/* Begin XCConfigurationList section */
		64C2AF611BC92FF7008EFBD5 /* Build configuration list for PBXProject "SwiftyOperations" */ = {
			isa = XCConfigurationList;
			buildConfigurations = (
				64C2AF811BC92FF7008EFBD5 /* Debug */,
				64C2AF821BC92FF7008EFBD5 /* Release */,
			);
			defaultConfigurationIsVisible = 0;
			defaultConfigurationName = Release;
		};
		64C2AF831BC92FF7008EFBD5 /* Build configuration list for PBXNativeTarget "SwiftyOperations" */ = {
			isa = XCConfigurationList;
			buildConfigurations = (
				64C2AF841BC92FF7008EFBD5 /* Debug */,
				64C2AF851BC92FF7008EFBD5 /* Release */,
			);
			defaultConfigurationIsVisible = 0;
			defaultConfigurationName = Release;
		};
		64C2AF861BC92FF7008EFBD5 /* Build configuration list for PBXNativeTarget "SwiftyOperationsTests" */ = {
			isa = XCConfigurationList;
			buildConfigurations = (
				64C2AF871BC92FF7008EFBD5 /* Debug */,
				64C2AF881BC92FF7008EFBD5 /* Release */,
			);
			defaultConfigurationIsVisible = 0;
			defaultConfigurationName = Release;
		};
/* End XCConfigurationList section */
	};
	rootObject = 64C2AF5E1BC92FF7008EFBD5 /* Project object */;
}
